
Microsoft Visual Studio Solution File, Format Version 12.00
# Visual Studio 15
VisualStudioVersion = 15.0.26730.12
MinimumVisualStudioVersion = 10.0.40219.1
Project("{FAE04EC0-301F-11D3-BF4B-00C04F79EFBC}") = "SearchSymbol", "ConsoleApp2\SearchSymbol.csproj", "{FD64FABC-7368-45A7-98C1-D1A11D946153}"
EndProject
Project("{FAE04EC0-301F-11D3-BF4B-00C04F79EFBC}") = "UnitTestProject1", "UnitTestProject1\UnitTestProject1.csproj", "{C85D82BE-690C-4799-900E-41B05B75E55E}"
EndProject
Global
	GlobalSection(SolutionConfigurationPlatforms) = preSolution
		Debug|Any CPU = Debug|Any CPU
		Release|Any CPU = Release|Any CPU
	EndGlobalSection
	GlobalSection(ProjectConfigurationPlatforms) = postSolution
		{FD64FABC-7368-45A7-98C1-D1A11D946153}.Debug|Any CPU.ActiveCfg = Debug|Any CPU
		{FD64FABC-7368-45A7-98C1-D1A11D946153}.Debug|Any CPU.Build.0 = Debug|Any CPU
		{FD64FABC-7368-45A7-98C1-D1A11D946153}.Release|Any CPU.ActiveCfg = Release|Any CPU
		{FD64FABC-7368-45A7-98C1-D1A11D946153}.Release|Any CPU.Build.0 = Release|Any CPU
		{C85D82BE-690C-4799-900E-41B05B75E55E}.Debug|Any CPU.ActiveCfg = Debug|Any CPU
		{C85D82BE-690C-4799-900E-41B05B75E55E}.Debug|Any CPU.Build.0 = Debug|Any CPU
		{C85D82BE-690C-4799-900E-41B05B75E55E}.Release|Any CPU.ActiveCfg = Release|Any CPU
		{C85D82BE-690C-4799-900E-41B05B75E55E}.Release|Any CPU.Build.0 = Release|Any CPU
	EndGlobalSection
	GlobalSection(SolutionProperties) = preSolution
		HideSolutionNode = FALSE
	EndGlobalSection
	GlobalSection(ExtensibilityGlobals) = postSolution
		SolutionGuid = {B349C59E-0A75-49E0-9BFB-1E842ACC0E4C}
	EndGlobalSection
EndGlobal
